
Microsoft Visual Studio Solution File, Format Version 12.00
# Visual Studio Version 17
VisualStudioVersion = 17.12.35521.163
MinimumVisualStudioVersion = 10.0.40219.1
Project("{FAE04EC0-301F-11D3-BF4B-00C04F79EFBC}") = "CogniCache.MAUI", "CogniCache\CogniCache.MAUI\CogniCache.MAUI.csproj", "{553AB408-72B2-401B-8283-C74E5288217A}"
EndProject
Project("{FAE04EC0-301F-11D3-BF4B-00C04F79EFBC}") = "CogniCache.Shared", "CogniCache\CogniCache.Shared\CogniCache.Shared.csproj", "{1D493DB2-AB54-4DE9-A886-365D9971D65C}"
EndProject
Project("{FAE04EC0-301F-11D3-BF4B-00C04F79EFBC}") = "CogniCache.Web", "CogniCache\CogniCache.Web\CogniCache.Web.csproj", "{D4E6D980-29E8-4842-A90F-F3901209621A}"
EndProject
Global
	GlobalSection(SolutionConfigurationPlatforms) = preSolution
		Debug|Any CPU = Debug|Any CPU
		Release|Any CPU = Release|Any CPU
	EndGlobalSection
	GlobalSection(ProjectConfigurationPlatforms) = postSolution
		{553AB408-72B2-401B-8283-C74E5288217A}.Debug|Any CPU.ActiveCfg = Debug|Any CPU
		{553AB408-72B2-401B-8283-C74E5288217A}.Debug|Any CPU.Build.0 = Debug|Any CPU
		{553AB408-72B2-401B-8283-C74E5288217A}.Release|Any CPU.ActiveCfg = Release|Any CPU
		{553AB408-72B2-401B-8283-C74E5288217A}.Release|Any CPU.Build.0 = Release|Any CPU
		{1D493DB2-AB54-4DE9-A886-365D9971D65C}.Debug|Any CPU.ActiveCfg = Debug|Any CPU
		{1D493DB2-AB54-4DE9-A886-365D9971D65C}.Debug|Any CPU.Build.0 = Debug|Any CPU
		{1D493DB2-AB54-4DE9-A886-365D9971D65C}.Release|Any CPU.ActiveCfg = Release|Any CPU
		{1D493DB2-AB54-4DE9-A886-365D9971D65C}.Release|Any CPU.Build.0 = Release|Any CPU
		{D4E6D980-29E8-4842-A90F-F3901209621A}.Debug|Any CPU.ActiveCfg = Debug|Any CPU
		{D4E6D980-29E8-4842-A90F-F3901209621A}.Debug|Any CPU.Build.0 = Debug|Any CPU
		{D4E6D980-29E8-4842-A90F-F3901209621A}.Release|Any CPU.ActiveCfg = Release|Any CPU
		{D4E6D980-29E8-4842-A90F-F3901209621A}.Release|Any CPU.Build.0 = Release|Any CPU
	EndGlobalSection
	GlobalSection(SolutionProperties) = preSolution
		HideSolutionNode = FALSE
	EndGlobalSection
EndGlobal
